
Microsoft Visual Studio Solution File, Format Version 12.00
# Visual Studio Version 17
VisualStudioVersion = 17.3.32929.385
MinimumVisualStudioVersion = 10.0.40219.1
Project("{9A19103F-16F7-4668-BE54-9A1E7A4F7556}") = "SJIDON_HFT_2022231.Client", "SJIDON_HFT_2022231.Client\SJIDON_HFT_2022231.Client.csproj", "{A07A6139-48E2-4583-A80D-5268B135D15B}"
EndProject
Project("{9A19103F-16F7-4668-BE54-9A1E7A4F7556}") = "SJIDON_HFT_2022231.Models", "SJIDON_HFT_2022231.Models\SJIDON_HFT_2022231.Models.csproj", "{1D0E1706-2065-4049-837D-B2166DD4C3B1}"
EndProject
Project("{9A19103F-16F7-4668-BE54-9A1E7A4F7556}") = "SJIDON_HFT_2022231.Logic", "SJIDON_HFT_2022231.Logic\SJIDON_HFT_2022231.Logic.csproj", "{8FAAF430-0AA2-41A9-B7CA-07FB56AB6928}"
EndProject
Project("{9A19103F-16F7-4668-BE54-9A1E7A4F7556}") = "SJIDON_HFT_2022231.Repository", "SJIDON_HFT_2022231.Repository\SJIDON_HFT_2022231.Repository.csproj", "{585E6E97-1101-4BFC-A13E-16EC21998A9C}"
EndProject
Project("{9A19103F-16F7-4668-BE54-9A1E7A4F7556}") = "SJIDON_HFT_2022231.Endpoint", "SJIDON_HFT_2022231.Endpoint\SJIDON_HFT_2022231.Endpoint.csproj", "{EABF3034-BD39-41D5-8471-CDAE05C47891}"
EndProject
Project("{9A19103F-16F7-4668-BE54-9A1E7A4F7556}") = "SJIDON_HFT_2022231.Test", "SJIDON_HFT_2022231.Test\SJIDON_HFT_2022231.Test.csproj", "{7D2DC2D2-2ECA-4293-BC48-B2B3CAE8E3D0}"
EndProject
Project("{2150E333-8FDC-42A3-9474-1A3956D46DE8}") = "Backend", "Backend", "{B63A35FC-1224-4D60-AEDD-FF23F3FD030D}"
EndProject
Project("{2150E333-8FDC-42A3-9474-1A3956D46DE8}") = "Frontend", "Frontend", "{CAC78A63-FA4F-4A43-907E-C473B93DF3F3}"
EndProject
Project("{2150E333-8FDC-42A3-9474-1A3956D46DE8}") = "Shared", "Shared", "{7C6EE4C5-8F90-46CF-9405-622B6214D73E}"
EndProject
Project("{2150E333-8FDC-42A3-9474-1A3956D46DE8}") = "Others", "Others", "{FCA31E5C-1DF8-471B-84FC-68B72B5BF18A}"
	ProjectSection(SolutionItems) = preProject
		.gitignore = .gitignore
	EndProjectSection
EndProject
Project("{9A19103F-16F7-4668-BE54-9A1E7A4F7556}") = "DealershipApp.WpfClient", "DealershipApp.WpfClient\DealershipApp.WpfClient.csproj", "{C26520A2-1A3C-4E94-944F-98E1D79208D9}"
EndProject
Project("{9A19103F-16F7-4668-BE54-9A1E7A4F7556}") = "DealershipApp.JSClient", "DealershipApp.JSClient\DealershipApp.JSClient.csproj", "{88FE39F0-EF96-4D17-A427-51D91BBC639F}"
EndProject
Global
	GlobalSection(SolutionConfigurationPlatforms) = preSolution
		Debug|Any CPU = Debug|Any CPU
		Release|Any CPU = Release|Any CPU
	EndGlobalSection
	GlobalSection(ProjectConfigurationPlatforms) = postSolution
		{A07A6139-48E2-4583-A80D-5268B135D15B}.Debug|Any CPU.ActiveCfg = Debug|Any CPU
		{A07A6139-48E2-4583-A80D-5268B135D15B}.Debug|Any CPU.Build.0 = Debug|Any CPU
		{A07A6139-48E2-4583-A80D-5268B135D15B}.Release|Any CPU.ActiveCfg = Release|Any CPU
		{A07A6139-48E2-4583-A80D-5268B135D15B}.Release|Any CPU.Build.0 = Release|Any CPU
		{1D0E1706-2065-4049-837D-B2166DD4C3B1}.Debug|Any CPU.ActiveCfg = Debug|Any CPU
		{1D0E1706-2065-4049-837D-B2166DD4C3B1}.Debug|Any CPU.Build.0 = Debug|Any CPU
		{1D0E1706-2065-4049-837D-B2166DD4C3B1}.Release|Any CPU.ActiveCfg = Release|Any CPU
		{1D0E1706-2065-4049-837D-B2166DD4C3B1}.Release|Any CPU.Build.0 = Release|Any CPU
		{8FAAF430-0AA2-41A9-B7CA-07FB56AB6928}.Debug|Any CPU.ActiveCfg = Debug|Any CPU
		{8FAAF430-0AA2-41A9-B7CA-07FB56AB6928}.Debug|Any CPU.Build.0 = Debug|Any CPU
		{8FAAF430-0AA2-41A9-B7CA-07FB56AB6928}.Release|Any CPU.ActiveCfg = Release|Any CPU
		{8FAAF430-0AA2-41A9-B7CA-07FB56AB6928}.Release|Any CPU.Build.0 = Release|Any CPU
		{585E6E97-1101-4BFC-A13E-16EC21998A9C}.Debug|Any CPU.ActiveCfg = Debug|Any CPU
		{585E6E97-1101-4BFC-A13E-16EC21998A9C}.Debug|Any CPU.Build.0 = Debug|Any CPU
		{585E6E97-1101-4BFC-A13E-16EC21998A9C}.Release|Any CPU.ActiveCfg = Release|Any CPU
		{585E6E97-1101-4BFC-A13E-16EC21998A9C}.Release|Any CPU.Build.0 = Release|Any CPU
		{EABF3034-BD39-41D5-8471-CDAE05C47891}.Debug|Any CPU.ActiveCfg = Debug|Any CPU
		{EABF3034-BD39-41D5-8471-CDAE05C47891}.Debug|Any CPU.Build.0 = Debug|Any CPU
		{EABF3034-BD39-41D5-8471-CDAE05C47891}.Release|Any CPU.ActiveCfg = Release|Any CPU
		{EABF3034-BD39-41D5-8471-CDAE05C47891}.Release|Any CPU.Build.0 = Release|Any CPU
		{7D2DC2D2-2ECA-4293-BC48-B2B3CAE8E3D0}.Debug|Any CPU.ActiveCfg = Debug|Any CPU
		{7D2DC2D2-2ECA-4293-BC48-B2B3CAE8E3D0}.Debug|Any CPU.Build.0 = Debug|Any CPU
		{7D2DC2D2-2ECA-4293-BC48-B2B3CAE8E3D0}.Release|Any CPU.ActiveCfg = Release|Any CPU
		{7D2DC2D2-2ECA-4293-BC48-B2B3CAE8E3D0}.Release|Any CPU.Build.0 = Release|Any CPU
		{C26520A2-1A3C-4E94-944F-98E1D79208D9}.Debug|Any CPU.ActiveCfg = Debug|Any CPU
		{C26520A2-1A3C-4E94-944F-98E1D79208D9}.Debug|Any CPU.Build.0 = Debug|Any CPU
		{C26520A2-1A3C-4E94-944F-98E1D79208D9}.Release|Any CPU.ActiveCfg = Release|Any CPU
		{C26520A2-1A3C-4E94-944F-98E1D79208D9}.Release|Any CPU.Build.0 = Release|Any CPU
		{88FE39F0-EF96-4D17-A427-51D91BBC639F}.Debug|Any CPU.ActiveCfg = Debug|Any CPU
		{88FE39F0-EF96-4D17-A427-51D91BBC639F}.Debug|Any CPU.Build.0 = Debug|Any CPU
		{88FE39F0-EF96-4D17-A427-51D91BBC639F}.Release|Any CPU.ActiveCfg = Release|Any CPU
		{88FE39F0-EF96-4D17-A427-51D91BBC639F}.Release|Any CPU.Build.0 = Release|Any CPU
	EndGlobalSection
	GlobalSection(SolutionProperties) = preSolution
		HideSolutionNode = FALSE
	EndGlobalSection
	GlobalSection(NestedProjects) = preSolution
		{A07A6139-48E2-4583-A80D-5268B135D15B} = {CAC78A63-FA4F-4A43-907E-C473B93DF3F3}
		{1D0E1706-2065-4049-837D-B2166DD4C3B1} = {7C6EE4C5-8F90-46CF-9405-622B6214D73E}
		{8FAAF430-0AA2-41A9-B7CA-07FB56AB6928} = {B63A35FC-1224-4D60-AEDD-FF23F3FD030D}
		{585E6E97-1101-4BFC-A13E-16EC21998A9C} = {B63A35FC-1224-4D60-AEDD-FF23F3FD030D}
		{EABF3034-BD39-41D5-8471-CDAE05C47891} = {B63A35FC-1224-4D60-AEDD-FF23F3FD030D}
		{7D2DC2D2-2ECA-4293-BC48-B2B3CAE8E3D0} = {B63A35FC-1224-4D60-AEDD-FF23F3FD030D}
		{C26520A2-1A3C-4E94-944F-98E1D79208D9} = {CAC78A63-FA4F-4A43-907E-C473B93DF3F3}
		{88FE39F0-EF96-4D17-A427-51D91BBC639F} = {CAC78A63-FA4F-4A43-907E-C473B93DF3F3}
	EndGlobalSection
	GlobalSection(ExtensibilityGlobals) = postSolution
		SolutionGuid = {B305EF9D-E17F-4427-9C0A-2303AF738FF8}
	EndGlobalSection
EndGlobal
